<Solution>
  <Folder Name="/src/">
    <Project Path="src/PigForge.Core/PigForge.Core.csproj" />
    <Project Path="src/PigForge.Physics.Abstractions/PigForge.Physics.Abstractions.csproj" />
    <Project Path="src/PigForge.Protocol/PigForge.Protocol.csproj" />
    <Project Path="src/PigForge.Server/PigForge.Server.csproj" />
  </Folder>
  <Folder Name="/tests/">
    <Project Path="tests/PigForge.Core.Tests/PigForge.Core.Tests.csproj" />
  </Folder>
</Solution>
